// !$*UTF8*$!
{
	archiveVersion = 1;
	classes = {
	};
	objectVersion = 46;
	objects = {

/* Begin PBXBuildFile section */
		93105AF01EA656EB001505D7 /* AppDelegate.swift in Sources */ = {isa = PBXBuildFile; fileRef = 93105AEF1EA656EB001505D7 /* AppDelegate.swift */; };
		93105AF51EA656EB001505D7 /* Main.storyboard in Resources */ = {isa = PBXBuildFile; fileRef = 93105AF31EA656EB001505D7 /* Main.storyboard */; };
		93105AF71EA656EB001505D7 /* Assets.xcassets in Resources */ = {isa = PBXBuildFile; fileRef = 93105AF61EA656EB001505D7 /* Assets.xcassets */; };
		93105AFA1EA656EB001505D7 /* LaunchScreen.storyboard in Resources */ = {isa = PBXBuildFile; fileRef = 93105AF81EA656EB001505D7 /* LaunchScreen.storyboard */; };
		9337802E1EAB3AC0008D0602 /* UIColor+HexString.swift in Sources */ = {isa = PBXBuildFile; fileRef = 9337802D1EAB3AC0008D0602 /* UIColor+HexString.swift */; };
		933780311EABA95F008D0602 /* UIColor+CustomColors.swift in Sources */ = {isa = PBXBuildFile; fileRef = 933780301EABA95F008D0602 /* UIColor+CustomColors.swift */; };
		93460C721EAA0EA3009AC601 /* Message.swift in Sources */ = {isa = PBXBuildFile; fileRef = 93460C711EAA0EA3009AC601 /* Message.swift */; };
		9349D35F1EA6588500FFD6CB /* Podfile in Resources */ = {isa = PBXBuildFile; fileRef = 9349D35E1EA6588500FFD6CB /* Podfile */; };
		9352481D1EA661910015F822 /* LoginViewController.swift in Sources */ = {isa = PBXBuildFile; fileRef = 9352481C1EA661910015F822 /* LoginViewController.swift */; };
		93730CC61EA9951D009189FF /* SpeechBubbleView.swift in Sources */ = {isa = PBXBuildFile; fileRef = 93730CC51EA9951D009189FF /* SpeechBubbleView.swift */; };
		93730CD31EA9D5FF009189FF /* ChatCollectionViewController.swift in Sources */ = {isa = PBXBuildFile; fileRef = 93730CD21EA9D5FF009189FF /* ChatCollectionViewController.swift */; };
		93730CDE1EA9FA47009189FF /* MessageBubbleCollectionViewCell.swift in Sources */ = {isa = PBXBuildFile; fileRef = 93730CDC1EA9FA47009189FF /* MessageBubbleCollectionViewCell.swift */; };
		93B7BEF91EA72CED00D2ACB7 /* PaddedTextField.swift in Sources */ = {isa = PBXBuildFile; fileRef = 93B7BEF81EA72CED00D2ACB7 /* PaddedTextField.swift */; };
		93BBDE7D1EA8985C003DC88F /* LoaderButton.swift in Sources */ = {isa = PBXBuildFile; fileRef = 93BBDE7C1EA8985C003DC88F /* LoaderButton.swift */; };
		93DA703E1EA7657B005F5D74 /* GoogleService-Info.plist in Resources */ = {isa = PBXBuildFile; fileRef = 93DA703D1EA7657B005F5D74 /* GoogleService-Info.plist */; };
		93FAAA021EAA4D9200C2824E /* MessageBubbleCollectionViewCell.xib in Resources */ = {isa = PBXBuildFile; fileRef = 93FAAA001EAA4D9200C2824E /* MessageBubbleCollectionViewCell.xib */; };
		93FAAA041EAA6E5F00C2824E /* BorderedTopView.swift in Sources */ = {isa = PBXBuildFile; fileRef = 93FAAA031EAA6E5F00C2824E /* BorderedTopView.swift */; };
		DBDFBE061BC06A4641B8A786 /* Pods_LIGChatApp.framework in Frameworks */ = {isa = PBXBuildFile; fileRef = 4E0710238C8E0CDD8217ADEA /* Pods_LIGChatApp.framework */; };
/* End PBXBuildFile section */

/* Begin PBXFileReference section */
		4E0710238C8E0CDD8217ADEA /* Pods_LIGChatApp.framework */ = {isa = PBXFileReference; explicitFileType = wrapper.framework; includeInIndex = 0; path = Pods_LIGChatApp.framework; sourceTree = BUILT_PRODUCTS_DIR; };
		630032997BD08A5E92CCB890 /* Pods-LIGChatApp.release.xcconfig */ = {isa = PBXFileReference; includeInIndex = 1; lastKnownFileType = text.xcconfig; name = "Pods-LIGChatApp.release.xcconfig"; path = "Pods/Target Support Files/Pods-LIGChatApp/Pods-LIGChatApp.release.xcconfig"; sourceTree = "<group>"; };
		90BAC32C24561E667291DFDD /* Pods-LIGChatApp.debug.xcconfig */ = {isa = PBXFileReference; includeInIndex = 1; lastKnownFileType = text.xcconfig; name = "Pods-LIGChatApp.debug.xcconfig"; path = "Pods/Target Support Files/Pods-LIGChatApp/Pods-LIGChatApp.debug.xcconfig"; sourceTree = "<group>"; };
		93105AEC1EA656EB001505D7 /* LIGChatApp.app */ = {isa = PBXFileReference; explicitFileType = wrapper.application; includeInIndex = 0; path = LIGChatApp.app; sourceTree = BUILT_PRODUCTS_DIR; };
		93105AEF1EA656EB001505D7 /* AppDelegate.swift */ = {isa = PBXFileReference; lastKnownFileType = sourcecode.swift; path = AppDelegate.swift; sourceTree = "<group>"; };
		93105AF41EA656EB001505D7 /* Base */ = {isa = PBXFileReference; lastKnownFileType = file.storyboard; name = Base; path = Base.lproj/Main.storyboard; sourceTree = "<group>"; };
		93105AF61EA656EB001505D7 /* Assets.xcassets */ = {isa = PBXFileReference; lastKnownFileType = folder.assetcatalog; path = Assets.xcassets; sourceTree = "<group>"; };
		93105AF91EA656EB001505D7 /* Base */ = {isa = PBXFileReference; lastKnownFileType = file.storyboard; name = Base; path = Base.lproj/LaunchScreen.storyboard; sourceTree = "<group>"; };
		93105AFB1EA656EB001505D7 /* Info.plist */ = {isa = PBXFileReference; lastKnownFileType = text.plist.xml; path = Info.plist; sourceTree = "<group>"; };
		9337802D1EAB3AC0008D0602 /* UIColor+HexString.swift */ = {isa = PBXFileReference; fileEncoding = 4; lastKnownFileType = sourcecode.swift; path = "UIColor+HexString.swift"; sourceTree = "<group>"; };
		933780301EABA95F008D0602 /* UIColor+CustomColors.swift */ = {isa = PBXFileReference; fileEncoding = 4; lastKnownFileType = sourcecode.swift; path = "UIColor+CustomColors.swift"; sourceTree = "<group>"; };
		93460C711EAA0EA3009AC601 /* Message.swift */ = {isa = PBXFileReference; fileEncoding = 4; lastKnownFileType = sourcecode.swift; path = Message.swift; sourceTree = "<group>"; };
		9349D35E1EA6588500FFD6CB /* Podfile */ = {isa = PBXFileReference; fileEncoding = 4; lastKnownFileType = text; path = Podfile; sourceTree = "<group>"; xcLanguageSpecificationIdentifier = xcode.lang.ruby; };
		9352481C1EA661910015F822 /* LoginViewController.swift */ = {isa = PBXFileReference; fileEncoding = 4; lastKnownFileType = sourcecode.swift; path = LoginViewController.swift; sourceTree = "<group>"; };
		93730CC51EA9951D009189FF /* SpeechBubbleView.swift */ = {isa = PBXFileReference; fileEncoding = 4; lastKnownFileType = sourcecode.swift; path = SpeechBubbleView.swift; sourceTree = "<group>"; };
		93730CD21EA9D5FF009189FF /* ChatCollectionViewController.swift */ = {isa = PBXFileReference; fileEncoding = 4; lastKnownFileType = sourcecode.swift; path = ChatCollectionViewController.swift; sourceTree = "<group>"; };
		93730CDC1EA9FA47009189FF /* MessageBubbleCollectionViewCell.swift */ = {isa = PBXFileReference; fileEncoding = 4; lastKnownFileType = sourcecode.swift; path = MessageBubbleCollectionViewCell.swift; sourceTree = "<group>"; };
		93B7BEF81EA72CED00D2ACB7 /* PaddedTextField.swift */ = {isa = PBXFileReference; fileEncoding = 4; lastKnownFileType = sourcecode.swift; path = PaddedTextField.swift; sourceTree = "<group>"; };
		93BBDE7C1EA8985C003DC88F /* LoaderButton.swift */ = {isa = PBXFileReference; fileEncoding = 4; lastKnownFileType = sourcecode.swift; path = LoaderButton.swift; sourceTree = "<group>"; };
		93DA703D1EA7657B005F5D74 /* GoogleService-Info.plist */ = {isa = PBXFileReference; fileEncoding = 4; lastKnownFileType = text.plist.xml; path = "GoogleService-Info.plist"; sourceTree = "<group>"; };
		93FAAA001EAA4D9200C2824E /* MessageBubbleCollectionViewCell.xib */ = {isa = PBXFileReference; fileEncoding = 4; lastKnownFileType = file.xib; path = MessageBubbleCollectionViewCell.xib; sourceTree = "<group>"; };
		93FAAA031EAA6E5F00C2824E /* BorderedTopView.swift */ = {isa = PBXFileReference; fileEncoding = 4; lastKnownFileType = sourcecode.swift; path = BorderedTopView.swift; sourceTree = "<group>"; };
/* End PBXFileReference section */

/* Begin PBXFrameworksBuildPhase section */
		93105AE91EA656EB001505D7 /* Frameworks */ = {
			isa = PBXFrameworksBuildPhase;
			buildActionMask = 2147483647;
			files = (
				DBDFBE061BC06A4641B8A786 /* Pods_LIGChatApp.framework in Frameworks */,
			);
			runOnlyForDeploymentPostprocessing = 0;
		};
/* End PBXFrameworksBuildPhase section */

/* Begin PBXGroup section */
		033F256B81792B8D719AB858 /* Pods */ = {
			isa = PBXGroup;
			children = (
				90BAC32C24561E667291DFDD /* Pods-LIGChatApp.debug.xcconfig */,
				630032997BD08A5E92CCB890 /* Pods-LIGChatApp.release.xcconfig */,
			);
			name = Pods;
			sourceTree = "<group>";
		};
		93105AE31EA656EA001505D7 = {
			isa = PBXGroup;
			children = (
				9349D35E1EA6588500FFD6CB /* Podfile */,
				93105AEE1EA656EB001505D7 /* LIGChatApp */,
				93105AED1EA656EB001505D7 /* Products */,
				033F256B81792B8D719AB858 /* Pods */,
				D4F815889E2BF247475D9CAA /* Frameworks */,
			);
			sourceTree = "<group>";
		};
		93105AED1EA656EB001505D7 /* Products */ = {
			isa = PBXGroup;
			children = (
				93105AEC1EA656EB001505D7 /* LIGChatApp.app */,
			);
			name = Products;
			sourceTree = "<group>";
		};
		93105AEE1EA656EB001505D7 /* LIGChatApp */ = {
			isa = PBXGroup;
			children = (
				9337802C1EAB3AB2008D0602 /* extensions */,
				93730CC71EA9B4DF009189FF /* resources */,
				93B7BEF51EA72B0E00D2ACB7 /* models */,
				93105AEF1EA656EB001505D7 /* AppDelegate.swift */,
				93105AF31EA656EB001505D7 /* Main.storyboard */,
				93105AF61EA656EB001505D7 /* Assets.xcassets */,
				93105AF81EA656EB001505D7 /* LaunchScreen.storyboard */,
				93105AFB1EA656EB001505D7 /* Info.plist */,
				93DA703D1EA7657B005F5D74 /* GoogleService-Info.plist */,
				9352481C1EA661910015F822 /* LoginViewController.swift */,
				93730CD21EA9D5FF009189FF /* ChatCollectionViewController.swift */,
			);
			path = LIGChatApp;
			sourceTree = "<group>";
		};
		9337802C1EAB3AB2008D0602 /* extensions */ = {
			isa = PBXGroup;
			children = (
				9337802D1EAB3AC0008D0602 /* UIColor+HexString.swift */,
				933780301EABA95F008D0602 /* UIColor+CustomColors.swift */,
			);
			name = extensions;
			sourceTree = "<group>";
		};
		93730CC71EA9B4DF009189FF /* resources */ = {
			isa = PBXGroup;
			children = (
				93FAAA031EAA6E5F00C2824E /* BorderedTopView.swift */,
				93B7BEF81EA72CED00D2ACB7 /* PaddedTextField.swift */,
				93730CC51EA9951D009189FF /* SpeechBubbleView.swift */,
				93BBDE7C1EA8985C003DC88F /* LoaderButton.swift */,
				93730CDC1EA9FA47009189FF /* MessageBubbleCollectionViewCell.swift */,
				93FAAA001EAA4D9200C2824E /* MessageBubbleCollectionViewCell.xib */,
			);
			name = resources;
			sourceTree = "<group>";
		};
		93B7BEF51EA72B0E00D2ACB7 /* models */ = {
			isa = PBXGroup;
			children = (
				93460C711EAA0EA3009AC601 /* Message.swift */,
			);
			name = models;
			sourceTree = "<group>";
		};
		D4F815889E2BF247475D9CAA /* Frameworks */ = {
			isa = PBXGroup;
			children = (
				4E0710238C8E0CDD8217ADEA /* Pods_LIGChatApp.framework */,
			);
			name = Frameworks;
			sourceTree = "<group>";
		};
/* End PBXGroup section */

/* Begin PBXNativeTarget section */
		93105AEB1EA656EB001505D7 /* LIGChatApp */ = {
			isa = PBXNativeTarget;
			buildConfigurationList = 93105AFE1EA656EB001505D7 /* Build configuration list for PBXNativeTarget "LIGChatApp" */;
			buildPhases = (
				0D0760F2AC4DDA9DBCE7A823 /* [CP] Check Pods Manifest.lock */,
				93105AE81EA656EB001505D7 /* Sources */,
				93105AE91EA656EB001505D7 /* Frameworks */,
				93105AEA1EA656EB001505D7 /* Resources */,
				96B8A12F4F9B9890E0BEDDE1 /* [CP] Embed Pods Frameworks */,
				ACB3AF20481F666B3F904AF9 /* [CP] Copy Pods Resources */,
			);
			buildRules = (
			);
			dependencies = (
			);
			name = LIGChatApp;
			productName = LIGChatApp;
			productReference = 93105AEC1EA656EB001505D7 /* LIGChatApp.app */;
			productType = "com.apple.product-type.application";
		};
/* End PBXNativeTarget section */

/* Begin PBXProject section */
		93105AE41EA656EA001505D7 /* Project object */ = {
			isa = PBXProject;
			attributes = {
				LastSwiftUpdateCheck = 0820;
				LastUpgradeCheck = 0820;
				ORGANIZATIONNAME = alphonsus;
				TargetAttributes = {
					93105AEB1EA656EB001505D7 = {
						CreatedOnToolsVersion = 8.2.1;
						DevelopmentTeam = ZP77L32NN7;
						ProvisioningStyle = Automatic;
					};
				};
			};
			buildConfigurationList = 93105AE71EA656EA001505D7 /* Build configuration list for PBXProject "LIGChatApp" */;
			compatibilityVersion = "Xcode 3.2";
			developmentRegion = English;
			hasScannedForEncodings = 0;
			knownRegions = (
				en,
				Base,
			);
			mainGroup = 93105AE31EA656EA001505D7;
			productRefGroup = 93105AED1EA656EB001505D7 /* Products */;
			projectDirPath = "";
			projectRoot = "";
			targets = (
				93105AEB1EA656EB001505D7 /* LIGChatApp */,
			);
		};
/* End PBXProject section */

/* Begin PBXResourcesBuildPhase section */
		93105AEA1EA656EB001505D7 /* Resources */ = {
			isa = PBXResourcesBuildPhase;
			buildActionMask = 2147483647;
			files = (
				93105AFA1EA656EB001505D7 /* LaunchScreen.storyboard in Resources */,
				93105AF71EA656EB001505D7 /* Assets.xcassets in Resources */,
				93DA703E1EA7657B005F5D74 /* GoogleService-Info.plist in Resources */,
				9349D35F1EA6588500FFD6CB /* Podfile in Resources */,
				93FAAA021EAA4D9200C2824E /* MessageBubbleCollectionViewCell.xib in Resources */,
				93105AF51EA656EB001505D7 /* Main.storyboard in Resources */,
			);
			runOnlyForDeploymentPostprocessing = 0;
		};
/* End PBXResourcesBuildPhase section */

/* Begin PBXShellScriptBuildPhase section */
		0D0760F2AC4DDA9DBCE7A823 /* [CP] Check Pods Manifest.lock */ = {
			isa = PBXShellScriptBuildPhase;
			buildActionMask = 2147483647;
			files = (
			);
			inputPaths = (
			);
			name = "[CP] Check Pods Manifest.lock";
			outputPaths = (
			);
			runOnlyForDeploymentPostprocessing = 0;
			shellPath = /bin/sh;
			shellScript = "diff \"${PODS_ROOT}/../Podfile.lock\" \"${PODS_ROOT}/Manifest.lock\" > /dev/null\nif [ $? != 0 ] ; then\n    # print error to STDERR\n    echo \"error: The sandbox is not in sync with the Podfile.lock. Run 'pod install' or update your CocoaPods installation.\" >&2\n    exit 1\nfi\n";
			showEnvVarsInLog = 0;
		};
		96B8A12F4F9B9890E0BEDDE1 /* [CP] Embed Pods Frameworks */ = {
			isa = PBXShellScriptBuildPhase;
			buildActionMask = 2147483647;
			files = (
			);
			inputPaths = (
			);
			name = "[CP] Embed Pods Frameworks";
			outputPaths = (
			);
			runOnlyForDeploymentPostprocessing = 0;
			shellPath = /bin/sh;
			shellScript = "\"${SRCROOT}/Pods/Target Support Files/Pods-LIGChatApp/Pods-LIGChatApp-frameworks.sh\"\n";
			showEnvVarsInLog = 0;
		};
		ACB3AF20481F666B3F904AF9 /* [CP] Copy Pods Resources */ = {
			isa = PBXShellScriptBuildPhase;
			buildActionMask = 2147483647;
			files = (
			);
			inputPaths = (
			);
			name = "[CP] Copy Pods Resources";
			outputPaths = (
			);
			runOnlyForDeploymentPostprocessing = 0;
			shellPath = /bin/sh;
			shellScript = "\"${SRCROOT}/Pods/Target Support Files/Pods-LIGChatApp/Pods-LIGChatApp-resources.sh\"\n";
			showEnvVarsInLog = 0;
		};
/* End PBXShellScriptBuildPhase section */

/* Begin PBXSourcesBuildPhase section */
		93105AE81EA656EB001505D7 /* Sources */ = {
			isa = PBXSourcesBuildPhase;
			buildActionMask = 2147483647;
			files = (
				93730CD31EA9D5FF009189FF /* ChatCollectionViewController.swift in Sources */,
				93730CDE1EA9FA47009189FF /* MessageBubbleCollectionViewCell.swift in Sources */,
				9352481D1EA661910015F822 /* LoginViewController.swift in Sources */,
				933780311EABA95F008D0602 /* UIColor+CustomColors.swift in Sources */,
				93B7BEF91EA72CED00D2ACB7 /* PaddedTextField.swift in Sources */,
				9337802E1EAB3AC0008D0602 /* UIColor+HexString.swift in Sources */,
				93730CC61EA9951D009189FF /* SpeechBubbleView.swift in Sources */,
				93460C721EAA0EA3009AC601 /* Message.swift in Sources */,
				93105AF01EA656EB001505D7 /* AppDelegate.swift in Sources */,
				93BBDE7D1EA8985C003DC88F /* LoaderButton.swift in Sources */,
				93FAAA041EAA6E5F00C2824E /* BorderedTopView.swift in Sources */,
			);
			runOnlyForDeploymentPostprocessing = 0;
		};
/* End PBXSourcesBuildPhase section */

/* Begin PBXVariantGroup section */
		93105AF31EA656EB001505D7 /* Main.storyboard */ = {
			isa = PBXVariantGroup;
			children = (
				93105AF41EA656EB001505D7 /* Base */,
			);
			name = Main.storyboard;
			sourceTree = "<group>";
		};
		93105AF81EA656EB001505D7 /* LaunchScreen.storyboard */ = {
			isa = PBXVariantGroup;
			children = (
				93105AF91EA656EB001505D7 /* Base */,
			);
			name = LaunchScreen.storyboard;
			sourceTree = "<group>";
		};
/* End PBXVariantGroup section */

/* Begin XCBuildConfiguration section */
		93105AFC1EA656EB001505D7 /* Debug */ = {
			isa = XCBuildConfiguration;
			buildSettings = {
				ALWAYS_SEARCH_USER_PATHS = NO;
				CLANG_ANALYZER_NONNULL = YES;
				CLANG_CXX_LANGUAGE_STANDARD = "gnu++0x";
				CLANG_CXX_LIBRARY = "libc++";
				CLANG_ENABLE_MODULES = YES;
				CLANG_ENABLE_OBJC_ARC = YES;
				CLANG_WARN_BOOL_CONVERSION = YES;
				CLANG_WARN_CONSTANT_CONVERSION = YES;
				CLANG_WARN_DIRECT_OBJC_ISA_USAGE = YES_ERROR;
				CLANG_WARN_DOCUMENTATION_COMMENTS = YES;
				CLANG_WARN_EMPTY_BODY = YES;
				CLANG_WARN_ENUM_CONVERSION = YES;
				CLANG_WARN_INFINITE_RECURSION = YES;
				CLANG_WARN_INT_CONVERSION = YES;
				CLANG_WARN_OBJC_ROOT_CLASS = YES_ERROR;
				CLANG_WARN_SUSPICIOUS_MOVE = YES;
				CLANG_WARN_UNREACHABLE_CODE = YES;
				CLANG_WARN__DUPLICATE_METHOD_MATCH = YES;
				"CODE_SIGN_IDENTITY[sdk=iphoneos*]" = "iPhone Developer";
				COPY_PHASE_STRIP = NO;
				DEBUG_INFORMATION_FORMAT = dwarf;
				ENABLE_STRICT_OBJC_MSGSEND = YES;
				ENABLE_TESTABILITY = YES;
				GCC_C_LANGUAGE_STANDARD = gnu99;
				GCC_DYNAMIC_NO_PIC = NO;
				GCC_NO_COMMON_BLOCKS = YES;
				GCC_OPTIMIZATION_LEVEL = 0;
				GCC_PREPROCESSOR_DEFINITIONS = (
					"DEBUG=1",
					"$(inherited)",
				);
				GCC_WARN_64_TO_32_BIT_CONVERSION = YES;
				GCC_WARN_ABOUT_RETURN_TYPE = YES_ERROR;
				GCC_WARN_UNDECLARED_SELECTOR = YES;
				GCC_WARN_UNINITIALIZED_AUTOS = YES_AGGRESSIVE;
				GCC_WARN_UNUSED_FUNCTION = YES;
				GCC_WARN_UNUSED_VARIABLE = YES;
				IPHONEOS_DEPLOYMENT_TARGET = 10.2;
				MTL_ENABLE_DEBUG_INFO = YES;
				ONLY_ACTIVE_ARCH = YES;
				SDKROOT = iphoneos;
				SWIFT_ACTIVE_COMPILATION_CONDITIONS = DEBUG;
				SWIFT_OPTIMIZATION_LEVEL = "-Onone";
				TARGETED_DEVICE_FAMILY = "1,2";
			};
			name = Debug;
		};
		93105AFD1EA656EB001505D7 /* Release */ = {
			isa = XCBuildConfiguration;
			buildSettings = {
				ALWAYS_SEARCH_USER_PATHS = NO;
				CLANG_ANALYZER_NONNULL = YES;
				CLANG_CXX_LANGUAGE_STANDARD = "gnu++0x";
				CLANG_CXX_LIBRARY = "libc++";
				CLANG_ENABLE_MODULES = YES;
				CLANG_ENABLE_OBJC_ARC = YES;
				CLANG_WARN_BOOL_CONVERSION = YES;
				CLANG_WARN_CONSTANT_CONVERSION = YES;
				CLANG_WARN_DIRECT_OBJC_ISA_USAGE = YES_ERROR;
				CLANG_WARN_DOCUMENTATION_COMMENTS = YES;
				CLANG_WARN_EMPTY_BODY = YES;
				CLANG_WARN_ENUM_CONVERSION = YES;
				CLANG_WARN_INFINITE_RECURSION = YES;
				CLANG_WARN_INT_CONVERSION = YES;
				CLANG_WARN_OBJC_ROOT_CLASS = YES_ERROR;
				CLANG_WARN_SUSPICIOUS_MOVE = YES;
				CLANG_WARN_UNREACHABLE_CODE = YES;
				CLANG_WARN__DUPLICATE_METHOD_MATCH = YES;
				"CODE_SIGN_IDENTITY[sdk=iphoneos*]" = "iPhone Developer";
				COPY_PHASE_STRIP = NO;
				DEBUG_INFORMATION_FORMAT = "dwarf-with-dsym";
				ENABLE_NS_ASSERTIONS = NO;
				ENABLE_STRICT_OBJC_MSGSEND = YES;
				GCC_C_LANGUAGE_STANDARD = gnu99;
				GCC_NO_COMMON_BLOCKS = YES;
				GCC_WARN_64_TO_32_BIT_CONVERSION = YES;
				GCC_WARN_ABOUT_RETURN_TYPE = YES_ERROR;
				GCC_WARN_UNDECLARED_SELECTOR = YES;
				GCC_WARN_UNINITIALIZED_AUTOS = YES_AGGRESSIVE;
				GCC_WARN_UNUSED_FUNCTION = YES;
				GCC_WARN_UNUSED_VARIABLE = YES;
				IPHONEOS_DEPLOYMENT_TARGET = 10.2;
				MTL_ENABLE_DEBUG_INFO = NO;
				SDKROOT = iphoneos;
				SWIFT_OPTIMIZATION_LEVEL = "-Owholemodule";
				TARGETED_DEVICE_FAMILY = "1,2";
				VALIDATE_PRODUCT = YES;
			};
			name = Release;
		};
		93105AFF1EA656EB001505D7 /* Debug */ = {
			isa = XCBuildConfiguration;
			baseConfigurationReference = 90BAC32C24561E667291DFDD /* Pods-LIGChatApp.debug.xcconfig */;
			buildSettings = {
				ASSETCATALOG_COMPILER_APPICON_NAME = AppIcon;
				DEVELOPMENT_TEAM = ZP77L32NN7;
				INFOPLIST_FILE = LIGChatApp/Info.plist;
				LD_RUNPATH_SEARCH_PATHS = "$(inherited) @executable_path/Frameworks";
				PRODUCT_BUNDLE_IDENTIFIER = com.github.alphonsus.LIGChatApp;
				PRODUCT_NAME = "$(TARGET_NAME)";
				SWIFT_VERSION = 3.0;
			};
			name = Debug;
		};
		93105B001EA656EB001505D7 /* Release */ = {
			isa = XCBuildConfiguration;
			baseConfigurationReference = 630032997BD08A5E92CCB890 /* Pods-LIGChatApp.release.xcconfig */;
			buildSettings = {
				ASSETCATALOG_COMPILER_APPICON_NAME = AppIcon;
				DEVELOPMENT_TEAM = ZP77L32NN7;
				INFOPLIST_FILE = LIGChatApp/Info.plist;
				LD_RUNPATH_SEARCH_PATHS = "$(inherited) @executable_path/Frameworks";
				PRODUCT_BUNDLE_IDENTIFIER = com.github.alphonsus.LIGChatApp;
				PRODUCT_NAME = "$(TARGET_NAME)";
				SWIFT_VERSION = 3.0;
			};
			name = Release;
		};
/* End XCBuildConfiguration section */

/* Begin XCConfigurationList section */
		93105AE71EA656EA001505D7 /* Build configuration list for PBXProject "LIGChatApp" */ = {
			isa = XCConfigurationList;
			buildConfigurations = (
				93105AFC1EA656EB001505D7 /* Debug */,
				93105AFD1EA656EB001505D7 /* Release */,
			);
			defaultConfigurationIsVisible = 0;
			defaultConfigurationName = Release;
		};
		93105AFE1EA656EB001505D7 /* Build configuration list for PBXNativeTarget "LIGChatApp" */ = {
			isa = XCConfigurationList;
			buildConfigurations = (
				93105AFF1EA656EB001505D7 /* Debug */,
				93105B001EA656EB001505D7 /* Release */,
			);
			defaultConfigurationIsVisible = 0;
			defaultConfigurationName = Release;
		};
/* End XCConfigurationList section */
	};
	rootObject = 93105AE41EA656EA001505D7 /* Project object */;
}
